// !$*UTF8*$!
{
	archiveVersion = 1;
	classes = {
	};
	objectVersion = 56;
	objects = {

/* Begin PBXBuildFile section */
		B02099D92B8C7326009CCD97 /* AppDelegate.swift in Sources */ = {isa = PBXBuildFile; fileRef = B02099D82B8C7326009CCD97 /* AppDelegate.swift */; };
		B02099DB2B8C7326009CCD97 /* SceneDelegate.swift in Sources */ = {isa = PBXBuildFile; fileRef = B02099DA2B8C7326009CCD97 /* SceneDelegate.swift */; };
		B02099DD2B8C7326009CCD97 /* HomeViewController.swift in Sources */ = {isa = PBXBuildFile; fileRef = B02099DC2B8C7326009CCD97 /* HomeViewController.swift */; };
		B02099E22B8C7327009CCD97 /* Assets.xcassets in Resources */ = {isa = PBXBuildFile; fileRef = B02099E12B8C7327009CCD97 /* Assets.xcassets */; };
		B02099E52B8C7327009CCD97 /* LaunchScreen.storyboard in Resources */ = {isa = PBXBuildFile; fileRef = B02099E32B8C7327009CCD97 /* LaunchScreen.storyboard */; };
		B03167372B9857F200AEEBBB /* StartView.swift in Sources */ = {isa = PBXBuildFile; fileRef = B03167362B9857F200AEEBBB /* StartView.swift */; };
		B03167392B9858DD00AEEBBB /* StartViewController.swift in Sources */ = {isa = PBXBuildFile; fileRef = B03167382B9858DD00AEEBBB /* StartViewController.swift */; };
		B0577D6B2B95BC8F00513169 /* ListViewController.swift in Sources */ = {isa = PBXBuildFile; fileRef = B0577D6A2B95BC8F00513169 /* ListViewController.swift */; };
		B0577D6D2B95BCA900513169 /* MyPageViewController.swift in Sources */ = {isa = PBXBuildFile; fileRef = B0577D6C2B95BCA900513169 /* MyPageViewController.swift */; };
		B0577D6F2B95DDE400513169 /* NameSpace.swift in Sources */ = {isa = PBXBuildFile; fileRef = B0577D6E2B95DDE400513169 /* NameSpace.swift */; };
		B057CA9B2B96EFFF001FC2DE /* SnapKit in Frameworks */ = {isa = PBXBuildFile; productRef = B057CA9A2B96EFFF001FC2DE /* SnapKit */; };
		B057CA9D2B96EFFF001FC2DE /* SnapKit-Dynamic in Frameworks */ = {isa = PBXBuildFile; productRef = B057CA9C2B96EFFF001FC2DE /* SnapKit-Dynamic */; };
		B057CA9F2B96F401001FC2DE /* SignUpViewController.swift in Sources */ = {isa = PBXBuildFile; fileRef = B057CA9E2B96F401001FC2DE /* SignUpViewController.swift */; };
		B057CAA12B970DEE001FC2DE /* NicNameView.swift in Sources */ = {isa = PBXBuildFile; fileRef = B057CAA02B970DEE001FC2DE /* NicNameView.swift */; };
		B057CAA32B971042001FC2DE /* NicNameViewController.swift in Sources */ = {isa = PBXBuildFile; fileRef = B057CAA22B971042001FC2DE /* NicNameViewController.swift */; };
		B05B6E0B2B96DEEC0019F4F2 /* SignUpView.swift in Sources */ = {isa = PBXBuildFile; fileRef = B05B6E0A2B96DEEC0019F4F2 /* SignUpView.swift */; };
		B0CF0B172B97529F006433D4 /* ConnectionView.swift in Sources */ = {isa = PBXBuildFile; fileRef = B0CF0B162B97529F006433D4 /* ConnectionView.swift */; };
		B0CF0B192B975303006433D4 /* ConnectionViewController.swift in Sources */ = {isa = PBXBuildFile; fileRef = B0CF0B182B975303006433D4 /* ConnectionViewController.swift */; };
		B0CF0B1B2B975999006433D4 /* KCC-Ganpan.ttf in Resources */ = {isa = PBXBuildFile; fileRef = B0CF0B1A2B975999006433D4 /* KCC-Ganpan.ttf */; };
/* End PBXBuildFile section */

/* Begin PBXFileReference section */
		B02099D52B8C7326009CCD97 /* VoiceDiary.app */ = {isa = PBXFileReference; explicitFileType = wrapper.application; includeInIndex = 0; path = VoiceDiary.app; sourceTree = BUILT_PRODUCTS_DIR; };
		B02099D82B8C7326009CCD97 /* AppDelegate.swift */ = {isa = PBXFileReference; lastKnownFileType = sourcecode.swift; path = AppDelegate.swift; sourceTree = "<group>"; };
		B02099DA2B8C7326009CCD97 /* SceneDelegate.swift */ = {isa = PBXFileReference; lastKnownFileType = sourcecode.swift; path = SceneDelegate.swift; sourceTree = "<group>"; };
		B02099DC2B8C7326009CCD97 /* HomeViewController.swift */ = {isa = PBXFileReference; lastKnownFileType = sourcecode.swift; path = HomeViewController.swift; sourceTree = "<group>"; };
		B02099E12B8C7327009CCD97 /* Assets.xcassets */ = {isa = PBXFileReference; lastKnownFileType = folder.assetcatalog; path = Assets.xcassets; sourceTree = "<group>"; };
		B02099E42B8C7327009CCD97 /* Base */ = {isa = PBXFileReference; lastKnownFileType = file.storyboard; name = Base; path = Base.lproj/LaunchScreen.storyboard; sourceTree = "<group>"; };
		B02099E62B8C7327009CCD97 /* Info.plist */ = {isa = PBXFileReference; lastKnownFileType = text.plist.xml; path = Info.plist; sourceTree = "<group>"; };
		B03167362B9857F200AEEBBB /* StartView.swift */ = {isa = PBXFileReference; lastKnownFileType = sourcecode.swift; path = StartView.swift; sourceTree = "<group>"; };
		B03167382B9858DD00AEEBBB /* StartViewController.swift */ = {isa = PBXFileReference; lastKnownFileType = sourcecode.swift; path = StartViewController.swift; sourceTree = "<group>"; };
		B0577D6A2B95BC8F00513169 /* ListViewController.swift */ = {isa = PBXFileReference; lastKnownFileType = sourcecode.swift; path = ListViewController.swift; sourceTree = "<group>"; };
		B0577D6C2B95BCA900513169 /* MyPageViewController.swift */ = {isa = PBXFileReference; lastKnownFileType = sourcecode.swift; path = MyPageViewController.swift; sourceTree = "<group>"; };
		B0577D6E2B95DDE400513169 /* NameSpace.swift */ = {isa = PBXFileReference; lastKnownFileType = sourcecode.swift; path = NameSpace.swift; sourceTree = "<group>"; };
		B057CA9E2B96F401001FC2DE /* SignUpViewController.swift */ = {isa = PBXFileReference; lastKnownFileType = sourcecode.swift; path = SignUpViewController.swift; sourceTree = "<group>"; };
		B057CAA02B970DEE001FC2DE /* NicNameView.swift */ = {isa = PBXFileReference; lastKnownFileType = sourcecode.swift; path = NicNameView.swift; sourceTree = "<group>"; };
		B057CAA22B971042001FC2DE /* NicNameViewController.swift */ = {isa = PBXFileReference; lastKnownFileType = sourcecode.swift; path = NicNameViewController.swift; sourceTree = "<group>"; };
		B05B6E0A2B96DEEC0019F4F2 /* SignUpView.swift */ = {isa = PBXFileReference; lastKnownFileType = sourcecode.swift; path = SignUpView.swift; sourceTree = "<group>"; };
		B0CF0B162B97529F006433D4 /* ConnectionView.swift */ = {isa = PBXFileReference; lastKnownFileType = sourcecode.swift; path = ConnectionView.swift; sourceTree = "<group>"; };
		B0CF0B182B975303006433D4 /* ConnectionViewController.swift */ = {isa = PBXFileReference; lastKnownFileType = sourcecode.swift; path = ConnectionViewController.swift; sourceTree = "<group>"; };
		B0CF0B1A2B975999006433D4 /* KCC-Ganpan.ttf */ = {isa = PBXFileReference; lastKnownFileType = file; path = "KCC-Ganpan.ttf"; sourceTree = "<group>"; };
/* End PBXFileReference section */

/* Begin PBXFrameworksBuildPhase section */
		B02099D22B8C7326009CCD97 /* Frameworks */ = {
			isa = PBXFrameworksBuildPhase;
			buildActionMask = 2147483647;
			files = (
				B057CA9B2B96EFFF001FC2DE /* SnapKit in Frameworks */,
				B057CA9D2B96EFFF001FC2DE /* SnapKit-Dynamic in Frameworks */,
			);
			runOnlyForDeploymentPostprocessing = 0;
		};
/* End PBXFrameworksBuildPhase section */

/* Begin PBXGroup section */
		B02099CC2B8C7326009CCD97 = {
			isa = PBXGroup;
			children = (
				B02099D72B8C7326009CCD97 /* VoiceDiary */,
				B02099D62B8C7326009CCD97 /* Products */,
			);
			sourceTree = "<group>";
		};
		B02099D62B8C7326009CCD97 /* Products */ = {
			isa = PBXGroup;
			children = (
				B02099D52B8C7326009CCD97 /* VoiceDiary.app */,
			);
			name = Products;
			sourceTree = "<group>";
		};
		B02099D72B8C7326009CCD97 /* VoiceDiary */ = {
			isa = PBXGroup;
			children = (
				B0577D742B95EE5C00513169 /* Essential */,
				B0577D702B95EDD200513169 /* LifeCycle */,
				B0577D712B95EDFE00513169 /* Models */,
				B0577D722B95EE0F00513169 /* Views */,
				B0577D732B95EE1400513169 /* Controllers */,
				B0577D752B95EE8100513169 /* Resource */,
			);
			path = VoiceDiary;
			sourceTree = "<group>";
		};
		B0577D702B95EDD200513169 /* LifeCycle */ = {
			isa = PBXGroup;
			children = (
				B02099D82B8C7326009CCD97 /* AppDelegate.swift */,
				B02099DA2B8C7326009CCD97 /* SceneDelegate.swift */,
			);
			path = LifeCycle;
			sourceTree = "<group>";
		};
		B0577D712B95EDFE00513169 /* Models */ = {
			isa = PBXGroup;
			children = (
			);
			path = Models;
			sourceTree = "<group>";
		};
		B0577D722B95EE0F00513169 /* Views */ = {
			isa = PBXGroup;
			children = (
				B05B6E0A2B96DEEC0019F4F2 /* SignUpView.swift */,
				B057CAA02B970DEE001FC2DE /* NicNameView.swift */,
				B0CF0B162B97529F006433D4 /* ConnectionView.swift */,
				B03167362B9857F200AEEBBB /* StartView.swift */,
			);
			path = Views;
			sourceTree = "<group>";
		};
		B0577D732B95EE1400513169 /* Controllers */ = {
			isa = PBXGroup;
			children = (
				B057CA9E2B96F401001FC2DE /* SignUpViewController.swift */,
				B057CAA22B971042001FC2DE /* NicNameViewController.swift */,
				B0CF0B182B975303006433D4 /* ConnectionViewController.swift */,
				B03167382B9858DD00AEEBBB /* StartViewController.swift */,
				B02099DC2B8C7326009CCD97 /* HomeViewController.swift */,
				B0577D6C2B95BCA900513169 /* MyPageViewController.swift */,
				B0577D6A2B95BC8F00513169 /* ListViewController.swift */,
			);
			path = Controllers;
			sourceTree = "<group>";
		};
		B0577D742B95EE5C00513169 /* Essential */ = {
			isa = PBXGroup;
			children = (
				B02099E32B8C7327009CCD97 /* LaunchScreen.storyboard */,
				B02099E12B8C7327009CCD97 /* Assets.xcassets */,
				B02099E62B8C7327009CCD97 /* Info.plist */,
			);
			path = Essential;
			sourceTree = "<group>";
		};
		B0577D752B95EE8100513169 /* Resource */ = {
			isa = PBXGroup;
			children = (
				B0CF0B1A2B975999006433D4 /* KCC-Ganpan.ttf */,
				B0577D6E2B95DDE400513169 /* NameSpace.swift */,
			);
			path = Resource;
			sourceTree = "<group>";
		};
/* End PBXGroup section */

/* Begin PBXNativeTarget section */
		B02099D42B8C7326009CCD97 /* VoiceDiary */ = {
			isa = PBXNativeTarget;
			buildConfigurationList = B02099E92B8C7327009CCD97 /* Build configuration list for PBXNativeTarget "VoiceDiary" */;
			buildPhases = (
				B02099D12B8C7326009CCD97 /* Sources */,
				B02099D22B8C7326009CCD97 /* Frameworks */,
				B02099D32B8C7326009CCD97 /* Resources */,
			);
			buildRules = (
			);
			dependencies = (
			);
			name = VoiceDiary;
			packageProductDependencies = (
				B057CA9A2B96EFFF001FC2DE /* SnapKit */,
				B057CA9C2B96EFFF001FC2DE /* SnapKit-Dynamic */,
			);
			productName = VoiceDiary;
			productReference = B02099D52B8C7326009CCD97 /* VoiceDiary.app */;
			productType = "com.apple.product-type.application";
		};
/* End PBXNativeTarget section */

/* Begin PBXProject section */
		B02099CD2B8C7326009CCD97 /* Project object */ = {
			isa = PBXProject;
			attributes = {
				BuildIndependentTargetsInParallel = 1;
				LastSwiftUpdateCheck = 1520;
				LastUpgradeCheck = 1520;
				TargetAttributes = {
					B02099D42B8C7326009CCD97 = {
						CreatedOnToolsVersion = 15.2;
					};
				};
			};
			buildConfigurationList = B02099D02B8C7326009CCD97 /* Build configuration list for PBXProject "VoiceDiary" */;
			compatibilityVersion = "Xcode 14.0";
			developmentRegion = en;
			hasScannedForEncodings = 0;
			knownRegions = (
				en,
				Base,
			);
			mainGroup = B02099CC2B8C7326009CCD97;
			packageReferences = (
				B057CA992B96EFFF001FC2DE /* XCRemoteSwiftPackageReference "SnapKit" */,
			);
			productRefGroup = B02099D62B8C7326009CCD97 /* Products */;
			projectDirPath = "";
			projectRoot = "";
			targets = (
				B02099D42B8C7326009CCD97 /* VoiceDiary */,
			);
		};
/* End PBXProject section */

/* Begin PBXResourcesBuildPhase section */
		B02099D32B8C7326009CCD97 /* Resources */ = {
			isa = PBXResourcesBuildPhase;
			buildActionMask = 2147483647;
			files = (
				B02099E52B8C7327009CCD97 /* LaunchScreen.storyboard in Resources */,
				B02099E22B8C7327009CCD97 /* Assets.xcassets in Resources */,
				B0CF0B1B2B975999006433D4 /* KCC-Ganpan.ttf in Resources */,
			);
			runOnlyForDeploymentPostprocessing = 0;
		};
/* End PBXResourcesBuildPhase section */

/* Begin PBXSourcesBuildPhase section */
		B02099D12B8C7326009CCD97 /* Sources */ = {
			isa = PBXSourcesBuildPhase;
			buildActionMask = 2147483647;
			files = (
				B057CAA12B970DEE001FC2DE /* NicNameView.swift in Sources */,
				B03167392B9858DD00AEEBBB /* StartViewController.swift in Sources */,
				B02099DD2B8C7326009CCD97 /* HomeViewController.swift in Sources */,
				B0CF0B172B97529F006433D4 /* ConnectionView.swift in Sources */,
				B057CAA32B971042001FC2DE /* NicNameViewController.swift in Sources */,
				B05B6E0B2B96DEEC0019F4F2 /* SignUpView.swift in Sources */,
				B03167372B9857F200AEEBBB /* StartView.swift in Sources */,
				B057CA9F2B96F401001FC2DE /* SignUpViewController.swift in Sources */,
				B0577D6D2B95BCA900513169 /* MyPageViewController.swift in Sources */,
				B02099D92B8C7326009CCD97 /* AppDelegate.swift in Sources */,
				B0CF0B192B975303006433D4 /* ConnectionViewController.swift in Sources */,
				B02099DB2B8C7326009CCD97 /* SceneDelegate.swift in Sources */,
				B0577D6F2B95DDE400513169 /* NameSpace.swift in Sources */,
				B0577D6B2B95BC8F00513169 /* ListViewController.swift in Sources */,
			);
			runOnlyForDeploymentPostprocessing = 0;
		};
/* End PBXSourcesBuildPhase section */

/* Begin PBXVariantGroup section */
		B02099E32B8C7327009CCD97 /* LaunchScreen.storyboard */ = {
			isa = PBXVariantGroup;
			children = (
				B02099E42B8C7327009CCD97 /* Base */,
			);
			name = LaunchScreen.storyboard;
			sourceTree = "<group>";
		};
/* End PBXVariantGroup section */

/* Begin XCBuildConfiguration section */
		B02099E72B8C7327009CCD97 /* Debug */ = {
			isa = XCBuildConfiguration;
			buildSettings = {
				ALWAYS_SEARCH_USER_PATHS = NO;
				ASSETCATALOG_COMPILER_GENERATE_SWIFT_ASSET_SYMBOL_EXTENSIONS = YES;
				CLANG_ANALYZER_NONNULL = YES;
				CLANG_ANALYZER_NUMBER_OBJECT_CONVERSION = YES_AGGRESSIVE;
				CLANG_CXX_LANGUAGE_STANDARD = "gnu++20";
				CLANG_ENABLE_MODULES = YES;
				CLANG_ENABLE_OBJC_ARC = YES;
				CLANG_ENABLE_OBJC_WEAK = YES;
				CLANG_WARN_BLOCK_CAPTURE_AUTORELEASING = YES;
				CLANG_WARN_BOOL_CONVERSION = YES;
				CLANG_WARN_COMMA = YES;
				CLANG_WARN_CONSTANT_CONVERSION = YES;
				CLANG_WARN_DEPRECATED_OBJC_IMPLEMENTATIONS = YES;
				CLANG_WARN_DIRECT_OBJC_ISA_USAGE = YES_ERROR;
				CLANG_WARN_DOCUMENTATION_COMMENTS = YES;
				CLANG_WARN_EMPTY_BODY = YES;
				CLANG_WARN_ENUM_CONVERSION = YES;
				CLANG_WARN_INFINITE_RECURSION = YES;
				CLANG_WARN_INT_CONVERSION = YES;
				CLANG_WARN_NON_LITERAL_NULL_CONVERSION = YES;
				CLANG_WARN_OBJC_IMPLICIT_RETAIN_SELF = YES;
				CLANG_WARN_OBJC_LITERAL_CONVERSION = YES;
				CLANG_WARN_OBJC_ROOT_CLASS = YES_ERROR;
				CLANG_WARN_QUOTED_INCLUDE_IN_FRAMEWORK_HEADER = YES;
				CLANG_WARN_RANGE_LOOP_ANALYSIS = YES;
				CLANG_WARN_STRICT_PROTOTYPES = YES;
				CLANG_WARN_SUSPICIOUS_MOVE = YES;
				CLANG_WARN_UNGUARDED_AVAILABILITY = YES_AGGRESSIVE;
				CLANG_WARN_UNREACHABLE_CODE = YES;
				CLANG_WARN__DUPLICATE_METHOD_MATCH = YES;
				COPY_PHASE_STRIP = NO;
				DEBUG_INFORMATION_FORMAT = dwarf;
				ENABLE_STRICT_OBJC_MSGSEND = YES;
				ENABLE_TESTABILITY = YES;
				ENABLE_USER_SCRIPT_SANDBOXING = YES;
				GCC_C_LANGUAGE_STANDARD = gnu17;
				GCC_DYNAMIC_NO_PIC = NO;
				GCC_NO_COMMON_BLOCKS = YES;
				GCC_OPTIMIZATION_LEVEL = 0;
				GCC_PREPROCESSOR_DEFINITIONS = (
					"DEBUG=1",
					"$(inherited)",
				);
				GCC_WARN_64_TO_32_BIT_CONVERSION = YES;
				GCC_WARN_ABOUT_RETURN_TYPE = YES_ERROR;
				GCC_WARN_UNDECLARED_SELECTOR = YES;
				GCC_WARN_UNINITIALIZED_AUTOS = YES_AGGRESSIVE;
				GCC_WARN_UNUSED_FUNCTION = YES;
				GCC_WARN_UNUSED_VARIABLE = YES;
				IPHONEOS_DEPLOYMENT_TARGET = 17.2;
				LOCALIZATION_PREFERS_STRING_CATALOGS = YES;
				MTL_ENABLE_DEBUG_INFO = INCLUDE_SOURCE;
				MTL_FAST_MATH = YES;
				ONLY_ACTIVE_ARCH = YES;
				SDKROOT = iphoneos;
				SWIFT_ACTIVE_COMPILATION_CONDITIONS = "DEBUG $(inherited)";
				SWIFT_OPTIMIZATION_LEVEL = "-Onone";
			};
			name = Debug;
		};
		B02099E82B8C7327009CCD97 /* Release */ = {
			isa = XCBuildConfiguration;
			buildSettings = {
				ALWAYS_SEARCH_USER_PATHS = NO;
				ASSETCATALOG_COMPILER_GENERATE_SWIFT_ASSET_SYMBOL_EXTENSIONS = YES;
				CLANG_ANALYZER_NONNULL = YES;
				CLANG_ANALYZER_NUMBER_OBJECT_CONVERSION = YES_AGGRESSIVE;
				CLANG_CXX_LANGUAGE_STANDARD = "gnu++20";
				CLANG_ENABLE_MODULES = YES;
				CLANG_ENABLE_OBJC_ARC = YES;
				CLANG_ENABLE_OBJC_WEAK = YES;
				CLANG_WARN_BLOCK_CAPTURE_AUTORELEASING = YES;
				CLANG_WARN_BOOL_CONVERSION = YES;
				CLANG_WARN_COMMA = YES;
				CLANG_WARN_CONSTANT_CONVERSION = YES;
				CLANG_WARN_DEPRECATED_OBJC_IMPLEMENTATIONS = YES;
				CLANG_WARN_DIRECT_OBJC_ISA_USAGE = YES_ERROR;
				CLANG_WARN_DOCUMENTATION_COMMENTS = YES;
				CLANG_WARN_EMPTY_BODY = YES;
				CLANG_WARN_ENUM_CONVERSION = YES;
				CLANG_WARN_INFINITE_RECURSION = YES;
				CLANG_WARN_INT_CONVERSION = YES;
				CLANG_WARN_NON_LITERAL_NULL_CONVERSION = YES;
				CLANG_WARN_OBJC_IMPLICIT_RETAIN_SELF = YES;
				CLANG_WARN_OBJC_LITERAL_CONVERSION = YES;
				CLANG_WARN_OBJC_ROOT_CLASS = YES_ERROR;
				CLANG_WARN_QUOTED_INCLUDE_IN_FRAMEWORK_HEADER = YES;
				CLANG_WARN_RANGE_LOOP_ANALYSIS = YES;
				CLANG_WARN_STRICT_PROTOTYPES = YES;
				CLANG_WARN_SUSPICIOUS_MOVE = YES;
				CLANG_WARN_UNGUARDED_AVAILABILITY = YES_AGGRESSIVE;
				CLANG_WARN_UNREACHABLE_CODE = YES;
				CLANG_WARN__DUPLICATE_METHOD_MATCH = YES;
				COPY_PHASE_STRIP = NO;
				DEBUG_INFORMATION_FORMAT = "dwarf-with-dsym";
				ENABLE_NS_ASSERTIONS = NO;
				ENABLE_STRICT_OBJC_MSGSEND = YES;
				ENABLE_USER_SCRIPT_SANDBOXING = YES;
				GCC_C_LANGUAGE_STANDARD = gnu17;
				GCC_NO_COMMON_BLOCKS = YES;
				GCC_WARN_64_TO_32_BIT_CONVERSION = YES;
				GCC_WARN_ABOUT_RETURN_TYPE = YES_ERROR;
				GCC_WARN_UNDECLARED_SELECTOR = YES;
				GCC_WARN_UNINITIALIZED_AUTOS = YES_AGGRESSIVE;
				GCC_WARN_UNUSED_FUNCTION = YES;
				GCC_WARN_UNUSED_VARIABLE = YES;
				IPHONEOS_DEPLOYMENT_TARGET = 17.2;
				LOCALIZATION_PREFERS_STRING_CATALOGS = YES;
				MTL_ENABLE_DEBUG_INFO = NO;
				MTL_FAST_MATH = YES;
				SDKROOT = iphoneos;
				SWIFT_COMPILATION_MODE = wholemodule;
				VALIDATE_PRODUCT = YES;
			};
			name = Release;
		};
		B02099EA2B8C7327009CCD97 /* Debug */ = {
			isa = XCBuildConfiguration;
			buildSettings = {
				ASSETCATALOG_COMPILER_APPICON_NAME = AppIcon;
				ASSETCATALOG_COMPILER_GLOBAL_ACCENT_COLOR_NAME = AccentColor;
				CODE_SIGN_STYLE = Automatic;
				CURRENT_PROJECT_VERSION = 1;
				DEVELOPMENT_TEAM = Q35ZG4845H;
				GENERATE_INFOPLIST_FILE = YES;
				INFOPLIST_FILE = VoiceDiary/Essential/Info.plist;
				INFOPLIST_KEY_UIApplicationSupportsIndirectInputEvents = YES;
				INFOPLIST_KEY_UILaunchStoryboardName = LaunchScreen;
				INFOPLIST_KEY_UISupportedInterfaceOrientations_iPad = "UIInterfaceOrientationPortrait UIInterfaceOrientationPortraitUpsideDown UIInterfaceOrientationLandscapeLeft UIInterfaceOrientationLandscapeRight";
				INFOPLIST_KEY_UISupportedInterfaceOrientations_iPhone = "UIInterfaceOrientationPortrait UIInterfaceOrientationLandscapeLeft UIInterfaceOrientationLandscapeRight";
				LD_RUNPATH_SEARCH_PATHS = (
					"$(inherited)",
					"@executable_path/Frameworks",
				);
				MARKETING_VERSION = 1.0;
				PRODUCT_BUNDLE_IDENTIFIER = com.miley.VoiceDiary;
				PRODUCT_NAME = "$(TARGET_NAME)";
				SWIFT_EMIT_LOC_STRINGS = YES;
				SWIFT_VERSION = 5.0;
				TARGETED_DEVICE_FAMILY = "1,2";
			};
			name = Debug;
		};
		B02099EB2B8C7327009CCD97 /* Release */ = {
			isa = XCBuildConfiguration;
			buildSettings = {
				ASSETCATALOG_COMPILER_APPICON_NAME = AppIcon;
				ASSETCATALOG_COMPILER_GLOBAL_ACCENT_COLOR_NAME = AccentColor;
				CODE_SIGN_STYLE = Automatic;
				CURRENT_PROJECT_VERSION = 1;
				DEVELOPMENT_TEAM = Q35ZG4845H;
				GENERATE_INFOPLIST_FILE = YES;
				INFOPLIST_FILE = VoiceDiary/Essential/Info.plist;
				INFOPLIST_KEY_UIApplicationSupportsIndirectInputEvents = YES;
				INFOPLIST_KEY_UILaunchStoryboardName = LaunchScreen;
				INFOPLIST_KEY_UISupportedInterfaceOrientations_iPad = "UIInterfaceOrientationPortrait UIInterfaceOrientationPortraitUpsideDown UIInterfaceOrientationLandscapeLeft UIInterfaceOrientationLandscapeRight";
				INFOPLIST_KEY_UISupportedInterfaceOrientations_iPhone = "UIInterfaceOrientationPortrait UIInterfaceOrientationLandscapeLeft UIInterfaceOrientationLandscapeRight";
				LD_RUNPATH_SEARCH_PATHS = (
					"$(inherited)",
					"@executable_path/Frameworks",
				);
				MARKETING_VERSION = 1.0;
				PRODUCT_BUNDLE_IDENTIFIER = com.miley.VoiceDiary;
				PRODUCT_NAME = "$(TARGET_NAME)";
				SWIFT_EMIT_LOC_STRINGS = YES;
				SWIFT_VERSION = 5.0;
				TARGETED_DEVICE_FAMILY = "1,2";
			};
			name = Release;
		};
/* End XCBuildConfiguration section */

/* Begin XCConfigurationList section */
		B02099D02B8C7326009CCD97 /* Build configuration list for PBXProject "VoiceDiary" */ = {
			isa = XCConfigurationList;
			buildConfigurations = (
				B02099E72B8C7327009CCD97 /* Debug */,
				B02099E82B8C7327009CCD97 /* Release */,
			);
			defaultConfigurationIsVisible = 0;
			defaultConfigurationName = Release;
		};
		B02099E92B8C7327009CCD97 /* Build configuration list for PBXNativeTarget "VoiceDiary" */ = {
			isa = XCConfigurationList;
			buildConfigurations = (
				B02099EA2B8C7327009CCD97 /* Debug */,
				B02099EB2B8C7327009CCD97 /* Release */,
			);
			defaultConfigurationIsVisible = 0;
			defaultConfigurationName = Release;
		};
/* End XCConfigurationList section */

/* Begin XCRemoteSwiftPackageReference section */
		B057CA992B96EFFF001FC2DE /* XCRemoteSwiftPackageReference "SnapKit" */ = {
			isa = XCRemoteSwiftPackageReference;
			repositoryURL = "https://github.com/SnapKit/SnapKit.git";
			requirement = {
				kind = upToNextMajorVersion;
				minimumVersion = 5.7.1;
			};
		};
/* End XCRemoteSwiftPackageReference section */

/* Begin XCSwiftPackageProductDependency section */
		B057CA9A2B96EFFF001FC2DE /* SnapKit */ = {
			isa = XCSwiftPackageProductDependency;
			package = B057CA992B96EFFF001FC2DE /* XCRemoteSwiftPackageReference "SnapKit" */;
			productName = SnapKit;
		};
		B057CA9C2B96EFFF001FC2DE /* SnapKit-Dynamic */ = {
			isa = XCSwiftPackageProductDependency;
			package = B057CA992B96EFFF001FC2DE /* XCRemoteSwiftPackageReference "SnapKit" */;
			productName = "SnapKit-Dynamic";
		};
/* End XCSwiftPackageProductDependency section */
	};
	rootObject = B02099CD2B8C7326009CCD97 /* Project object */;
}
